{
  "name": "hynkt",
  "version": "1.0.0",
  "lockfileVersion": 1,
  "requires": true,
  "dependencies": {
    "async-validator": {
      "version": "3.5.1",
      "resolved": "https://registry.npmjs.org/async-validator/-/async-validator-3.5.1.tgz",
      "integrity": "sha512-DDmKA7sdSAJtTVeNZHrnr2yojfFaoeW8MfQN8CeuXg8DDQHTqKk9Fdv38dSvnesHoO8MUwMI2HphOeSyIF+wmQ=="
    }
  }
}
